version = 1
requires-python = ">=3.12"

[[package]]
name = "aiofiles"
version = "24.1.0"
source = { registry = "https://pypi.org/simple" }
sdist = { url = "https://files.pythonhosted.org/packages/0b/03/a88171e277e8caa88a4c77808c20ebb04ba74cc4681bf1e9416c862de237/aiofiles-24.1.0.tar.gz", hash = "sha256:22a075c9e5a3810f0c2e48f3008c94d68c65d763b9b03857924c99e57355166c", size = 30247 }
wheels = [
    { url = "https://files.pythonhosted.org/packages/a5/45/30bb92d442636f570cb5651bc661f52b610e2eec3f891a5dc3a4c3667db0/aiofiles-24.1.0-py3-none-any.whl", hash = "sha256:b4ec55f4195e3eb5d7abd1bf7e061763e864dd4954231fb8539a0ef8bb8260e5", size = 15896 },
]

[[package]]
name = "annotated-types"
version = "0.7.0"
source = { registry = "https://pypi.org/simple" }
sdist = { url = "https://files.pythonhosted.org/packages/ee/67/531ea369ba64dcff5ec9c3402f9f51bf748cec26dde048a2f973a4eea7f5/annotated_types-0.7.0.tar.gz", hash = "sha256:aff07c09a53a08bc8cfccb9c85b05f1aa9a2a6f23728d790723543408344ce89", size = 16081 }
wheels = [
    { url = "https://files.pythonhosted.org/packages/78/b6/6307fbef88d9b5ee7421e68d78a9f162e0da4900bc5f5793f6d3d0e34fb8/annotated_types-0.7.0-py3-none-any.whl", hash = "sha256:1f02e8b43a8fbbc3f3e0d4f0f4bfc8131bcb4eebe8849b8e5c773f3a1c582a53", size = 13643 },
]

[[package]]
name = "anthropic"
version = "0.39.0"
source = { registry = "https://pypi.org/simple" }
dependencies = [
    { name = "anyio" },
    { name = "distro" },
    { name = "httpx" },
    { name = "jiter" },
    { name = "pydantic" },
    { name = "sniffio" },
    { name = "typing-extensions" },
]
sdist = { url = "https://files.pythonhosted.org/packages/79/02/2ea51930009d7537c4648f51d1bb3202ec76704cbb39a2a863ab38bee3dd/anthropic-0.39.0.tar.gz", hash = "sha256:94671cc80765f9ce693f76d63a97ee9bef4c2d6063c044e983d21a2e262f63ba", size = 189339 }
wheels = [
    { url = "https://files.pythonhosted.org/packages/94/61/2580eaa171cab20708d59d39cadd15f78a6c617759e8d0a12e18fe3302d1/anthropic-0.39.0-py3-none-any.whl", hash = "sha256:ea17093ae0ce0e1768b0c46501d6086b5bcd74ff39d68cd2d6396374e9de7c09", size = 198392 },
]

[[package]]
name = "anyio"
version = "4.6.2.post1"
source = { registry = "https://pypi.org/simple" }
dependencies = [
    { name = "idna" },
    { name = "sniffio" },
]
sdist = { url = "https://files.pythonhosted.org/packages/9f/09/45b9b7a6d4e45c6bcb5bf61d19e3ab87df68e0601fa8c5293de3542546cc/anyio-4.6.2.post1.tar.gz", hash = "sha256:4c8bc31ccdb51c7f7bd251f51c609e038d63e34219b44aa86e47576389880b4c", size = 173422 }
wheels = [
    { url = "https://files.pythonhosted.org/packages/e4/f5/f2b75d2fc6f1a260f340f0e7c6a060f4dd2961cc16884ed851b0d18da06a/anyio-4.6.2.post1-py3-none-any.whl", hash = "sha256:6d170c36fba3bdd840c73d3868c1e777e33676a69c3a72cf0a0d5d6d8009b61d", size = 90377 },
]

[[package]]
name = "certifi"
version = "2024.8.30"
source = { registry = "https://pypi.org/simple" }
sdist = { url = "https://files.pythonhosted.org/packages/b0/ee/9b19140fe824b367c04c5e1b369942dd754c4c5462d5674002f75c4dedc1/certifi-2024.8.30.tar.gz", hash = "sha256:bec941d2aa8195e248a60b31ff9f0558284cf01a52591ceda73ea9afffd69fd9", size = 168507 }
wheels = [
    { url = "https://files.pythonhosted.org/packages/12/90/3c9ff0512038035f59d279fddeb79f5f1eccd8859f06d6163c58798b9487/certifi-2024.8.30-py3-none-any.whl", hash = "sha256:922820b53db7a7257ffbda3f597266d435245903d80737e34f8a45ff3e3230d8", size = 167321 },
]

[[package]]
name = "click"
version = "8.1.7"
source = { registry = "https://pypi.org/simple" }
dependencies = [
    { name = "colorama", marker = "platform_system == 'Windows'" },
]
sdist = { url = "https://files.pythonhosted.org/packages/96/d3/f04c7bfcf5c1862a2a5b845c6b2b360488cf47af55dfa79c98f6a6bf98b5/click-8.1.7.tar.gz", hash = "sha256:ca9853ad459e787e2192211578cc907e7594e294c7ccc834310722b41b9ca6de", size = 336121 }
wheels = [
    { url = "https://files.pythonhosted.org/packages/00/2e/d53fa4befbf2cfa713304affc7ca780ce4fc1fd8710527771b58311a3229/click-8.1.7-py3-none-any.whl", hash = "sha256:ae74fb96c20a0277a1d615f1e4d73c8414f5a98db8b799a7931d1582f3390c28", size = 97941 },
]

[[package]]
name = "colorama"
version = "0.4.6"
source = { registry = "https://pypi.org/simple" }
sdist = { url = "https://files.pythonhosted.org/packages/d8/53/6f443c9a4a8358a93a6792e2acffb9d9d5cb0a5cfd8802644b7b1c9a02e4/colorama-0.4.6.tar.gz", hash = "sha256:08695f5cb7ed6e0531a20572697297273c47b8cae5a63ffc6d6ed5c201be6e44", size = 27697 }
wheels = [
    { url = "https://files.pythonhosted.org/packages/d1/d6/3965ed04c63042e047cb6a3e6ed1a63a35087b6a609aa3a15ed8ac56c221/colorama-0.4.6-py2.py3-none-any.whl", hash = "sha256:4f1d9991f5acc0ca119f9d443620b77f9d6b33703e51011c16baf57afb285fc6", size = 25335 },
]

[[package]]
name = "distro"
version = "1.9.0"
source = { registry = "https://pypi.org/simple" }
sdist = { url = "https://files.pythonhosted.org/packages/fc/f8/98eea607f65de6527f8a2e8885fc8015d3e6f5775df186e443e0964a11c3/distro-1.9.0.tar.gz", hash = "sha256:2fa77c6fd8940f116ee1d6b94a2f90b13b5ea8d019b98bc8bafdcabcdd9bdbed", size = 60722 }
wheels = [
    { url = "https://files.pythonhosted.org/packages/12/b3/231ffd4ab1fc9d679809f356cebee130ac7daa00d6d6f3206dd4fd137e9e/distro-1.9.0-py3-none-any.whl", hash = "sha256:7bffd925d65168f85027d8da9af6bddab658135b840670a223589bc0c8ef02b2", size = 20277 },
]

[[package]]
name = "face-shaper"
version = "0.1.0"
source = { virtual = "." }
dependencies = [
    { name = "aiofiles" },
    { name = "anthropic" },
    { name = "fastapi" },
    { name = "jinja2" },
    { name = "pydantic" },
    { name = "pydantic-settings" },
    { name = "python-dotenv" },
    { name = "python-multipart" },
    { name = "uvicorn" },
]

[package.metadata]
requires-dist = [
    { name = "aiofiles", specifier = ">=24.1.0" },
    { name = "anthropic", specifier = ">=0.39.0" },
    { name = "fastapi", specifier = ">=0.115.5" },
    { name = "jinja2", specifier = ">=3.1.4" },
    { name = "pydantic", specifier = ">=2.10.0" },
    { name = "pydantic-settings", specifier = ">=2.6.1" },
    { name = "python-dotenv", specifier = ">=1.0.1" },
    { name = "python-multipart", specifier = ">=0.0.17" },
    { name = "uvicorn", specifier = ">=0.32.1" },
]

[[package]]
name = "fastapi"
version = "0.115.5"
source = { registry = "https://pypi.org/simple" }
dependencies = [
    { name = "pydantic" },
    { name = "starlette" },
    { name = "typing-extensions" },
]
sdist = { url = "https://files.pythonhosted.org/packages/ae/29/f71316b9273b6552a263748e49cd7b83898dc9499a663d30c7b9cb853cb8/fastapi-0.115.5.tar.gz", hash = "sha256:0e7a4d0dc0d01c68df21887cce0945e72d3c48b9f4f79dfe7a7d53aa08fbb289", size = 301047 }
wheels = [
    { url = "https://files.pythonhosted.org/packages/54/c4/148d5046a96c428464557264877ae5a9338a83bbe0df045088749ec89820/fastapi-0.115.5-py3-none-any.whl", hash = "sha256:596b95adbe1474da47049e802f9a65ab2ffa9c2b07e7efee70eb8a66c9f2f796", size = 94866 },
]

[[package]]
name = "h11"
version = "0.14.0"
source = { registry = "https://pypi.org/simple" }
sdist = { url = "https://files.pythonhosted.org/packages/f5/38/3af3d3633a34a3316095b39c8e8fb4853a28a536e55d347bd8d8e9a14b03/h11-0.14.0.tar.gz", hash = "sha256:8f19fbbe99e72420ff35c00b27a34cb9937e902a8b810e2c88300c6f0a3b699d", size = 100418 }
wheels = [
    { url = "https://files.pythonhosted.org/packages/95/04/ff642e65ad6b90db43e668d70ffb6736436c7ce41fcc549f4e9472234127/h11-0.14.0-py3-none-any.whl", hash = "sha256:e3fe4ac4b851c468cc8363d500db52c2ead036020723024a109d37346efaa761", size = 58259 },
]

[[package]]
name = "httpcore"
version = "1.0.7"
source = { registry = "https://pypi.org/simple" }
dependencies = [
    { name = "certifi" },
    { name = "h11" },
]
sdist = { url = "https://files.pythonhosted.org/packages/6a/41/d7d0a89eb493922c37d343b607bc1b5da7f5be7e383740b4753ad8943e90/httpcore-1.0.7.tar.gz", hash = "sha256:8551cb62a169ec7162ac7be8d4817d561f60e08eaa485234898414bb5a8a0b4c", size = 85196 }
wheels = [
    { url = "https://files.pythonhosted.org/packages/87/f5/72347bc88306acb359581ac4d52f23c0ef445b57157adedb9aee0cd689d2/httpcore-1.0.7-py3-none-any.whl", hash = "sha256:a3fff8f43dc260d5bd363d9f9cf1830fa3a458b332856f34282de498ed420edd", size = 78551 },
]

[[package]]
name = "httpx"
version = "0.27.2"
source = { registry = "https://pypi.org/simple" }
dependencies = [
    { name = "anyio" },
    { name = "certifi" },
    { name = "httpcore" },
    { name = "idna" },
    { name = "sniffio" },
]
sdist = { url = "https://files.pythonhosted.org/packages/78/82/08f8c936781f67d9e6b9eeb8a0c8b4e406136ea4c3d1f89a5db71d42e0e6/httpx-0.27.2.tar.gz", hash = "sha256:f7c2be1d2f3c3c3160d441802406b206c2b76f5947b11115e6df10c6c65e66c2", size = 144189 }
wheels = [
    { url = "https://files.pythonhosted.org/packages/56/95/9377bcb415797e44274b51d46e3249eba641711cf3348050f76ee7b15ffc/httpx-0.27.2-py3-none-any.whl", hash = "sha256:7bb2708e112d8fdd7829cd4243970f0c223274051cb35ee80c03301ee29a3df0", size = 76395 },
]

[[package]]
name = "idna"
version = "3.10"
source = { registry = "https://pypi.org/simple" }
sdist = { url = "https://files.pythonhosted.org/packages/f1/70/7703c29685631f5a7590aa73f1f1d3fa9a380e654b86af429e0934a32f7d/idna-3.10.tar.gz", hash = "sha256:12f65c9b470abda6dc35cf8e63cc574b1c52b11df2c86030af0ac09b01b13ea9", size = 190490 }
wheels = [
    { url = "https://files.pythonhosted.org/packages/76/c6/c88e154df9c4e1a2a66ccf0005a88dfb2650c1dffb6f5ce603dfbd452ce3/idna-3.10-py3-none-any.whl", hash = "sha256:946d195a0d259cbba61165e88e65941f16e9b36ea6ddb97f00452bae8b1287d3", size = 70442 },
]

[[package]]
name = "jinja2"
version = "3.1.4"
source = { registry = "https://pypi.org/simple" }
dependencies = [
    { name = "markupsafe" },
]
sdist = { url = "https://files.pythonhosted.org/packages/ed/55/39036716d19cab0747a5020fc7e907f362fbf48c984b14e62127f7e68e5d/jinja2-3.1.4.tar.gz", hash = "sha256:4a3aee7acbbe7303aede8e9648d13b8bf88a429282aa6122a993f0ac800cb369", size = 240245 }
wheels = [
    { url = "https://files.pythonhosted.org/packages/31/80/3a54838c3fb461f6fec263ebf3a3a41771bd05190238de3486aae8540c36/jinja2-3.1.4-py3-none-any.whl", hash = "sha256:bc5dd2abb727a5319567b7a813e6a2e7318c39f4f487cfe6c89c6f9c7d25197d", size = 133271 },
]

[[package]]
name = "jiter"
version = "0.7.1"
source = { registry = "https://pypi.org/simple" }
sdist = { url = "https://files.pythonhosted.org/packages/46/e5/50ff23c9bba2722d2f0f55ba51e57f7cbab9a4be758e6b9b263ef51e6024/jiter-0.7.1.tar.gz", hash = "sha256:448cf4f74f7363c34cdef26214da527e8eeffd88ba06d0b80b485ad0667baf5d", size = 162334 }
wheels = [
    { url = "https://files.pythonhosted.org/packages/10/b3/de89eae8f57dc0ee5f6e3aa1ffcdee0364ef9ef85be81006fd17d7710ffa/jiter-0.7.1-cp312-cp312-macosx_10_12_x86_64.whl", hash = "sha256:ad36a1155cbd92e7a084a568f7dc6023497df781adf2390c345dd77a120905ca", size = 291900 },
    { url = "https://files.pythonhosted.org/packages/c0/ff/0d804eff4751fceeabc6311d4b07e956daa06fa58f05931887dc7454466b/jiter-0.7.1-cp312-cp312-macosx_11_0_arm64.whl", hash = "sha256:7ba52e6aaed2dc5c81a3d9b5e4ab95b039c4592c66ac973879ba57c3506492bb", size = 304390 },
    { url = "https://files.pythonhosted.org/packages/e8/26/c258bef532d113a7ac26242893fc9760040a4846dec731098b7f5ac3fca7/jiter-0.7.1-cp312-cp312-manylinux_2_17_aarch64.manylinux2014_aarch64.whl", hash = "sha256:2b7de0b6f6728b678540c7927587e23f715284596724be203af952418acb8a2d", size = 328710 },
    { url = "https://files.pythonhosted.org/packages/71/92/644dc215cbb9816112e28f3b43a8c8e769f083434a05fc3afd269c444f51/jiter-0.7.1-cp312-cp312-manylinux_2_17_armv7l.manylinux2014_armv7l.whl", hash = "sha256:9463b62bd53c2fb85529c700c6a3beb2ee54fde8bef714b150601616dcb184a6", size = 347569 },
    { url = "https://files.pythonhosted.org/packages/c6/02/795a3535262c54595bd97e375cc03b443717febb37723a7f9c077049825b/jiter-0.7.1-cp312-cp312-manylinux_2_17_ppc64le.manylinux2014_ppc64le.whl", hash = "sha256:627164ec01d28af56e1f549da84caf0fe06da3880ebc7b7ee1ca15df106ae172", size = 373641 },
    { url = "https://files.pythonhosted.org/packages/7d/35/c7e9a06a49116e3618954f6c8a26816a7959c0f9e5617b0073e4145c5d6d/jiter-0.7.1-cp312-cp312-manylinux_2_17_s390x.manylinux2014_s390x.whl", hash = "sha256:25d0e5bf64e368b0aa9e0a559c3ab2f9b67e35fe7269e8a0d81f48bbd10e8963", size = 388828 },
    { url = "https://files.pythonhosted.org/packages/fb/05/894144e4cbc1b9d46756db512268a90f84fc1d8bd28f1a17e0fef5aaf5c5/jiter-0.7.1-cp312-cp312-manylinux_2_17_x86_64.manylinux2014_x86_64.whl", hash = "sha256:c244261306f08f8008b3087059601997016549cb8bb23cf4317a4827f07b7d74", size = 325511 },
    { url = "https://files.pythonhosted.org/packages/19/d3/e6674ac34de53787504e4fb309084f824df321f24113121d94bf53808be3/jiter-0.7.1-cp312-cp312-manylinux_2_5_i686.manylinux1_i686.whl", hash = "sha256:7ded4e4b75b68b843b7cea5cd7c55f738c20e1394c68c2cb10adb655526c5f1b", size = 365940 },
    { url = "https://files.pythonhosted.org/packages/e9/ca/c773f0ce186090cc69a2c97b8dab3dad14ae9988a657a20d879458a8407e/jiter-0.7.1-cp312-cp312-musllinux_1_1_aarch64.whl", hash = "sha256:80dae4f1889b9d09e5f4de6b58c490d9c8ce7730e35e0b8643ab62b1538f095c", size = 515430 },
    { url = "https://files.pythonhosted.org/packages/16/5f/c98f6e6362fbc7c87ad384ba8506983fca9bb55ea0af7efcb23e7dd22817/jiter-0.7.1-cp312-cp312-musllinux_1_1_x86_64.whl", hash = "sha256:5970cf8ec943b51bce7f4b98d2e1ed3ada170c2a789e2db3cb484486591a176a", size = 497389 },
    { url = "https://files.pythonhosted.org/packages/30/60/f60e12469afc9096bac3df0fda53de707ed5105d84322a0d1bc4ad03ee3e/jiter-0.7.1-cp312-none-win32.whl", hash = "sha256:701d90220d6ecb3125d46853c8ca8a5bc158de8c49af60fd706475a49fee157e", size = 198546 },
    { url = "https://files.pythonhosted.org/packages/01/d2/d8ec257544f7991384a46fccee6abdc5065cfede26354bb2c86251858a92/jiter-0.7.1-cp312-none-win_amd64.whl", hash = "sha256:7824c3ecf9ecf3321c37f4e4d4411aad49c666ee5bc2a937071bdd80917e4533", size = 202792 },
    { url = "https://files.pythonhosted.org/packages/b5/cf/00a93a9968fc21b9ecfcabb130a8c822138594ac4a00b7bff9cbb38daa7f/jiter-0.7.1-cp313-cp313-macosx_10_12_x86_64.whl", hash = "sha256:097676a37778ba3c80cb53f34abd6943ceb0848263c21bf423ae98b090f6c6ba", size = 291039 },
    { url = "https://files.pythonhosted.org/packages/22/9a/0eb3eddffeca703f6adaaf117ba93ac3336fb323206259a86c2993cec9ad/jiter-0.7.1-cp313-cp313-macosx_11_0_arm64.whl", hash = "sha256:3298af506d4271257c0a8f48668b0f47048d69351675dd8500f22420d4eec378", size = 302468 },
    { url = "https://files.pythonhosted.org/packages/b1/95/b4da75e93752edfd6dd0df8f7723a6575e8a8bdce2e82f4458eb5564936a/jiter-0.7.1-cp313-cp313-manylinux_2_17_aarch64.manylinux2014_aarch64.whl", hash = "sha256:12fd88cfe6067e2199964839c19bd2b422ca3fd792949b8f44bb8a4e7d21946a", size = 328401 },
    { url = "https://files.pythonhosted.org/packages/28/af/7fa53804a2e7e309ce66822c9484fd7d4f8ef452be3937aab8a93a82c54b/jiter-0.7.1-cp313-cp313-manylinux_2_17_armv7l.manylinux2014_armv7l.whl", hash = "sha256:dacca921efcd21939123c8ea8883a54b9fa7f6545c8019ffcf4f762985b6d0c8", size = 347237 },
    { url = "https://files.pythonhosted.org/packages/30/0c/0b89bd3dce7d330d8ee878b0a95899b73e30cb55d2b2c41998276350d4a0/jiter-0.7.1-cp313-cp313-manylinux_2_17_ppc64le.manylinux2014_ppc64le.whl", hash = "sha256:de3674a5fe1f6713a746d25ad9c32cd32fadc824e64b9d6159b3b34fd9134143", size = 373558 },
    { url = "https://files.pythonhosted.org/packages/24/96/c75633b99d57dd8b8457f88f51201805c93b314e369fba69829d726bc2a5/jiter-0.7.1-cp313-cp313-manylinux_2_17_s390x.manylinux2014_s390x.whl", hash = "sha256:65df9dbae6d67e0788a05b4bad5706ad40f6f911e0137eb416b9eead6ba6f044", size = 388251 },
    { url = "https://files.pythonhosted.org/packages/64/39/369e6ff198003f55acfcdb58169c774473082d3303cddcd24334af534c4e/jiter-0.7.1-cp313-cp313-manylinux_2_17_x86_64.manylinux2014_x86_64.whl", hash = "sha256:7ba9a358d59a0a55cccaa4957e6ae10b1a25ffdabda863c0343c51817610501d", size = 325020 },
    { url = "https://files.pythonhosted.org/packages/80/26/0c386fa233a78997db5fa7b362e6f35a37d2656d09e521b0600f29933992/jiter-0.7.1-cp313-cp313-manylinux_2_5_i686.manylinux1_i686.whl", hash = "sha256:576eb0f0c6207e9ede2b11ec01d9c2182973986514f9c60bc3b3b5d5798c8f50", size = 365211 },
    { url = "https://files.pythonhosted.org/packages/21/4e/bfebe799924a39f181874b5e9041b792ee67768a8b160814e016a7c9a40d/jiter-0.7.1-cp313-cp313-musllinux_1_1_aarch64.whl", hash = "sha256:e550e29cdf3577d2c970a18f3959e6b8646fd60ef1b0507e5947dc73703b5627", size = 514904 },
    { url = "https://files.pythonhosted.org/packages/a7/81/b3c72c6691acd29cf707df1a0b300e6726385b3c1ced8dc20424c4452699/jiter-0.7.1-cp313-cp313-musllinux_1_1_x86_64.whl", hash = "sha256:81d968dbf3ce0db2e0e4dec6b0a0d5d94f846ee84caf779b07cab49f5325ae43", size = 497102 },
    { url = "https://files.pythonhosted.org/packages/1e/c3/766f9ec97df0441597878c7949da2b241a12a381c3affa7ca761734c8c74/jiter-0.7.1-cp313-none-win32.whl", hash = "sha256:f892e547e6e79a1506eb571a676cf2f480a4533675f834e9ae98de84f9b941ac", size = 198119 },
    { url = "https://files.pythonhosted.org/packages/76/01/cbc0136784a3ffefb5ca5326f8167780c5c3de0c81b6b81b773a973c571e/jiter-0.7.1-cp313-none-win_amd64.whl", hash = "sha256:0302f0940b1455b2a7fb0409b8d5b31183db70d2b07fd177906d83bf941385d1", size = 199236 },
]

[[package]]
name = "markupsafe"
version = "3.0.2"
source = { registry = "https://pypi.org/simple" }
sdist = { url = "https://files.pythonhosted.org/packages/b2/97/5d42485e71dfc078108a86d6de8fa46db44a1a9295e89c5d6d4a06e23a62/markupsafe-3.0.2.tar.gz", hash = "sha256:ee55d3edf80167e48ea11a923c7386f4669df67d7994554387f84e7d8b0a2bf0", size = 20537 }
wheels = [
    { url = "https://files.pythonhosted.org/packages/22/09/d1f21434c97fc42f09d290cbb6350d44eb12f09cc62c9476effdb33a18aa/MarkupSafe-3.0.2-cp312-cp312-macosx_10_13_universal2.whl", hash = "sha256:9778bd8ab0a994ebf6f84c2b949e65736d5575320a17ae8984a77fab08db94cf", size = 14274 },
    { url = "https://files.pythonhosted.org/packages/6b/b0/18f76bba336fa5aecf79d45dcd6c806c280ec44538b3c13671d49099fdd0/MarkupSafe-3.0.2-cp312-cp312-macosx_11_0_arm64.whl", hash = "sha256:846ade7b71e3536c4e56b386c2a47adf5741d2d8b94ec9dc3e92e5e1ee1e2225", size = 12348 },
    { url = "https://files.pythonhosted.org/packages/e0/25/dd5c0f6ac1311e9b40f4af06c78efde0f3b5cbf02502f8ef9501294c425b/MarkupSafe-3.0.2-cp312-cp312-manylinux_2_17_aarch64.manylinux2014_aarch64.whl", hash = "sha256:1c99d261bd2d5f6b59325c92c73df481e05e57f19837bdca8413b9eac4bd8028", size = 24149 },
    { url = "https://files.pythonhosted.org/packages/f3/f0/89e7aadfb3749d0f52234a0c8c7867877876e0a20b60e2188e9850794c17/MarkupSafe-3.0.2-cp312-cp312-manylinux_2_17_x86_64.manylinux2014_x86_64.whl", hash = "sha256:e17c96c14e19278594aa4841ec148115f9c7615a47382ecb6b82bd8fea3ab0c8", size = 23118 },
    { url = "https://files.pythonhosted.org/packages/d5/da/f2eeb64c723f5e3777bc081da884b414671982008c47dcc1873d81f625b6/MarkupSafe-3.0.2-cp312-cp312-manylinux_2_5_i686.manylinux1_i686.manylinux_2_17_i686.manylinux2014_i686.whl", hash = "sha256:88416bd1e65dcea10bc7569faacb2c20ce071dd1f87539ca2ab364bf6231393c", size = 22993 },
    { url = "https://files.pythonhosted.org/packages/da/0e/1f32af846df486dce7c227fe0f2398dc7e2e51d4a370508281f3c1c5cddc/MarkupSafe-3.0.2-cp312-cp312-musllinux_1_2_aarch64.whl", hash = "sha256:2181e67807fc2fa785d0592dc2d6206c019b9502410671cc905d132a92866557", size = 24178 },
    { url = "https://files.pythonhosted.org/packages/c4/f6/bb3ca0532de8086cbff5f06d137064c8410d10779c4c127e0e47d17c0b71/MarkupSafe-3.0.2-cp312-cp312-musllinux_1_2_i686.whl", hash = "sha256:52305740fe773d09cffb16f8ed0427942901f00adedac82ec8b67752f58a1b22", size = 23319 },
    { url = "https://files.pythonhosted.org/packages/a2/82/8be4c96ffee03c5b4a034e60a31294daf481e12c7c43ab8e34a1453ee48b/MarkupSafe-3.0.2-cp312-cp312-musllinux_1_2_x86_64.whl", hash = "sha256:ad10d3ded218f1039f11a75f8091880239651b52e9bb592ca27de44eed242a48", size = 23352 },
    { url = "https://files.pythonhosted.org/packages/51/ae/97827349d3fcffee7e184bdf7f41cd6b88d9919c80f0263ba7acd1bbcb18/MarkupSafe-3.0.2-cp312-cp312-win32.whl", hash = "sha256:0f4ca02bea9a23221c0182836703cbf8930c5e9454bacce27e767509fa286a30", size = 15097 },
    { url = "https://files.pythonhosted.org/packages/c1/80/a61f99dc3a936413c3ee4e1eecac96c0da5ed07ad56fd975f1a9da5bc630/MarkupSafe-3.0.2-cp312-cp312-win_amd64.whl", hash = "sha256:8e06879fc22a25ca47312fbe7c8264eb0b662f6db27cb2d3bbbc74b1df4b9b87", size = 15601 },
    { url = "https://files.pythonhosted.org/packages/83/0e/67eb10a7ecc77a0c2bbe2b0235765b98d164d81600746914bebada795e97/MarkupSafe-3.0.2-cp313-cp313-macosx_10_13_universal2.whl", hash = "sha256:ba9527cdd4c926ed0760bc301f6728ef34d841f405abf9d4f959c478421e4efd", size = 14274 },
    { url = "https://files.pythonhosted.org/packages/2b/6d/9409f3684d3335375d04e5f05744dfe7e9f120062c9857df4ab490a1031a/MarkupSafe-3.0.2-cp313-cp313-macosx_11_0_arm64.whl", hash = "sha256:f8b3d067f2e40fe93e1ccdd6b2e1d16c43140e76f02fb1319a05cf2b79d99430", size = 12352 },
    { url = "https://files.pythonhosted.org/packages/d2/f5/6eadfcd3885ea85fe2a7c128315cc1bb7241e1987443d78c8fe712d03091/MarkupSafe-3.0.2-cp313-cp313-manylinux_2_17_aarch64.manylinux2014_aarch64.whl", hash = "sha256:569511d3b58c8791ab4c2e1285575265991e6d8f8700c7be0e88f86cb0672094", size = 24122 },
    { url = "https://files.pythonhosted.org/packages/0c/91/96cf928db8236f1bfab6ce15ad070dfdd02ed88261c2afafd4b43575e9e9/MarkupSafe-3.0.2-cp313-cp313-manylinux_2_17_x86_64.manylinux2014_x86_64.whl", hash = "sha256:15ab75ef81add55874e7ab7055e9c397312385bd9ced94920f2802310c930396", size = 23085 },
    { url = "https://files.pythonhosted.org/packages/c2/cf/c9d56af24d56ea04daae7ac0940232d31d5a8354f2b457c6d856b2057d69/MarkupSafe-3.0.2-cp313-cp313-manylinux_2_5_i686.manylinux1_i686.manylinux_2_17_i686.manylinux2014_i686.whl", hash = "sha256:f3818cb119498c0678015754eba762e0d61e5b52d34c8b13d770f0719f7b1d79", size = 22978 },
    { url = "https://files.pythonhosted.org/packages/2a/9f/8619835cd6a711d6272d62abb78c033bda638fdc54c4e7f4272cf1c0962b/MarkupSafe-3.0.2-cp313-cp313-musllinux_1_2_aarch64.whl", hash = "sha256:cdb82a876c47801bb54a690c5ae105a46b392ac6099881cdfb9f6e95e4014c6a", size = 24208 },
    { url = "https://files.pythonhosted.org/packages/f9/bf/176950a1792b2cd2102b8ffeb5133e1ed984547b75db47c25a67d3359f77/MarkupSafe-3.0.2-cp313-cp313-musllinux_1_2_i686.whl", hash = "sha256:cabc348d87e913db6ab4aa100f01b08f481097838bdddf7c7a84b7575b7309ca", size = 23357 },
    { url = "https://files.pythonhosted.org/packages/ce/4f/9a02c1d335caabe5c4efb90e1b6e8ee944aa245c1aaaab8e8a618987d816/MarkupSafe-3.0.2-cp313-cp313-musllinux_1_2_x86_64.whl", hash = "sha256:444dcda765c8a838eaae23112db52f1efaf750daddb2d9ca300bcae1039adc5c", size = 23344 },
    { url = "https://files.pythonhosted.org/packages/ee/55/c271b57db36f748f0e04a759ace9f8f759ccf22b4960c270c78a394f58be/MarkupSafe-3.0.2-cp313-cp313-win32.whl", hash = "sha256:bcf3e58998965654fdaff38e58584d8937aa3096ab5354d493c77d1fdd66d7a1", size = 15101 },
    { url = "https://files.pythonhosted.org/packages/29/88/07df22d2dd4df40aba9f3e402e6dc1b8ee86297dddbad4872bd5e7b0094f/MarkupSafe-3.0.2-cp313-cp313-win_amd64.whl", hash = "sha256:e6a2a455bd412959b57a172ce6328d2dd1f01cb2135efda2e4576e8a23fa3b0f", size = 15603 },
    { url = "https://files.pythonhosted.org/packages/62/6a/8b89d24db2d32d433dffcd6a8779159da109842434f1dd2f6e71f32f738c/MarkupSafe-3.0.2-cp313-cp313t-macosx_10_13_universal2.whl", hash = "sha256:b5a6b3ada725cea8a5e634536b1b01c30bcdcd7f9c6fff4151548d5bf6b3a36c", size = 14510 },
    { url = "https://files.pythonhosted.org/packages/7a/06/a10f955f70a2e5a9bf78d11a161029d278eeacbd35ef806c3fd17b13060d/MarkupSafe-3.0.2-cp313-cp313t-macosx_11_0_arm64.whl", hash = "sha256:a904af0a6162c73e3edcb969eeeb53a63ceeb5d8cf642fade7d39e7963a22ddb", size = 12486 },
    { url = "https://files.pythonhosted.org/packages/34/cf/65d4a571869a1a9078198ca28f39fba5fbb910f952f9dbc5220afff9f5e6/MarkupSafe-3.0.2-cp313-cp313t-manylinux_2_17_aarch64.manylinux2014_aarch64.whl", hash = "sha256:4aa4e5faecf353ed117801a068ebab7b7e09ffb6e1d5e412dc852e0da018126c", size = 25480 },
    { url = "https://files.pythonhosted.org/packages/0c/e3/90e9651924c430b885468b56b3d597cabf6d72be4b24a0acd1fa0e12af67/MarkupSafe-3.0.2-cp313-cp313t-manylinux_2_17_x86_64.manylinux2014_x86_64.whl", hash = "sha256:c0ef13eaeee5b615fb07c9a7dadb38eac06a0608b41570d8ade51c56539e509d", size = 23914 },
    { url = "https://files.pythonhosted.org/packages/66/8c/6c7cf61f95d63bb866db39085150df1f2a5bd3335298f14a66b48e92659c/MarkupSafe-3.0.2-cp313-cp313t-manylinux_2_5_i686.manylinux1_i686.manylinux_2_17_i686.manylinux2014_i686.whl", hash = "sha256:d16a81a06776313e817c951135cf7340a3e91e8c1ff2fac444cfd75fffa04afe", size = 23796 },
    { url = "https://files.pythonhosted.org/packages/bb/35/cbe9238ec3f47ac9a7c8b3df7a808e7cb50fe149dc7039f5f454b3fba218/MarkupSafe-3.0.2-cp313-cp313t-musllinux_1_2_aarch64.whl", hash = "sha256:6381026f158fdb7c72a168278597a5e3a5222e83ea18f543112b2662a9b699c5", size = 25473 },
    { url = "https://files.pythonhosted.org/packages/e6/32/7621a4382488aa283cc05e8984a9c219abad3bca087be9ec77e89939ded9/MarkupSafe-3.0.2-cp313-cp313t-musllinux_1_2_i686.whl", hash = "sha256:3d79d162e7be8f996986c064d1c7c817f6df3a77fe3d6859f6f9e7be4b8c213a", size = 24114 },
    { url = "https://files.pythonhosted.org/packages/0d/80/0985960e4b89922cb5a0bac0ed39c5b96cbc1a536a99f30e8c220a996ed9/MarkupSafe-3.0.2-cp313-cp313t-musllinux_1_2_x86_64.whl", hash = "sha256:131a3c7689c85f5ad20f9f6fb1b866f402c445b220c19fe4308c0b147ccd2ad9", size = 24098 },
    { url = "https://files.pythonhosted.org/packages/82/78/fedb03c7d5380df2427038ec8d973587e90561b2d90cd472ce9254cf348b/MarkupSafe-3.0.2-cp313-cp313t-win32.whl", hash = "sha256:ba8062ed2cf21c07a9e295d5b8a2a5ce678b913b45fdf68c32d95d6c1291e0b6", size = 15208 },
    { url = "https://files.pythonhosted.org/packages/4f/65/6079a46068dfceaeabb5dcad6d674f5f5c61a6fa5673746f42a9f4c233b3/MarkupSafe-3.0.2-cp313-cp313t-win_amd64.whl", hash = "sha256:e444a31f8db13eb18ada366ab3cf45fd4b31e4db1236a4448f68778c1d1a5a2f", size = 15739 },
]

[[package]]
name = "pydantic"
version = "2.10.0"
source = { registry = "https://pypi.org/simple" }
dependencies = [
    { name = "annotated-types" },
    { name = "pydantic-core" },
    { name = "typing-extensions" },
]
sdist = { url = "https://files.pythonhosted.org/packages/e9/78/58c36d0cf331b659d0ccd99175e3523c457b4f8e67cb92a8fdc22ec1667c/pydantic-2.10.0.tar.gz", hash = "sha256:0aca0f045ff6e2f097f1fe89521115335f15049eeb8a7bef3dafe4b19a74e289", size = 781980 }
wheels = [
    { url = "https://files.pythonhosted.org/packages/9e/ee/255cbfdbf5c47650de70ac8a5425107511f505ed0366c29d537f7f1842e1/pydantic-2.10.0-py3-none-any.whl", hash = "sha256:5e7807ba9201bdf61b1b58aa6eb690916c40a47acfb114b1b4fef3e7fd5b30fc", size = 454346 },
]

[[package]]
name = "pydantic-core"
version = "2.27.0"
source = { registry = "https://pypi.org/simple" }
dependencies = [
    { name = "typing-extensions" },
]
sdist = { url = "https://files.pythonhosted.org/packages/d1/cd/8331ae216bcc5a3f2d4c6b941c9f63de647e2700d38133f4f7e0132a00c4/pydantic_core-2.27.0.tar.gz", hash = "sha256:f57783fbaf648205ac50ae7d646f27582fc706be3977e87c3c124e7a92407b10", size = 412675 }
wheels = [
    { url = "https://files.pythonhosted.org/packages/82/99/43149b127559f3152cd28cb7146592c6547cfe47d528761954e2e8fcabaf/pydantic_core-2.27.0-cp312-cp312-macosx_10_12_x86_64.whl", hash = "sha256:8117839a9bdbba86e7f9df57018fe3b96cec934c3940b591b0fd3fbfb485864a", size = 1887064 },
    { url = "https://files.pythonhosted.org/packages/7e/dd/989570c76334aa55ccb4ee8b5e0e6881a513620c6172d93b2f3b77e10f81/pydantic_core-2.27.0-cp312-cp312-macosx_11_0_arm64.whl", hash = "sha256:a291d0b4243a259c8ea7e2b84eb9ccb76370e569298875a7c5e3e71baf49057a", size = 1804405 },
    { url = "https://files.pythonhosted.org/packages/3e/b5/bce1d6d6fb71d916c74bf988b7d0cd7fc0c23da5e08bc0d6d6e08c12bf36/pydantic_core-2.27.0-cp312-cp312-manylinux_2_17_aarch64.manylinux2014_aarch64.whl", hash = "sha256:84e35afd9e10b2698e6f2f32256678cb23ca6c1568d02628033a837638b3ed12", size = 1822595 },
    { url = "https://files.pythonhosted.org/packages/35/93/a6e5e04625ac8fcbed523d7b741e91cc3a37ed1e04e16f8f2f34269bbe53/pydantic_core-2.27.0-cp312-cp312-manylinux_2_17_armv7l.manylinux2014_armv7l.whl", hash = "sha256:58ab0d979c969983cdb97374698d847a4acffb217d543e172838864636ef10d9", size = 1848701 },
    { url = "https://files.pythonhosted.org/packages/3a/74/56ead1436e3f6513b59b3a442272578a6ec09a39ab95abd5ee321bcc8c95/pydantic_core-2.27.0-cp312-cp312-manylinux_2_17_ppc64le.manylinux2014_ppc64le.whl", hash = "sha256:0d06b667e53320332be2bf6f9461f4a9b78092a079b8ce8634c9afaa7e10cd9f", size = 2031878 },
    { url = "https://files.pythonhosted.org/packages/e1/4d/8905b2710ef653c0da27224bfb6a084b5873ad6fdb975dda837943e5639d/pydantic_core-2.27.0-cp312-cp312-manylinux_2_17_s390x.manylinux2014_s390x.whl", hash = "sha256:78f841523729e43e3928a364ec46e2e3f80e6625a4f62aca5c345f3f626c6e8a", size = 2673386 },
    { url = "https://files.pythonhosted.org/packages/1d/f0/abe1511f11756d12ce18d016f3555cb47211590e4849ee02e7adfdd1684e/pydantic_core-2.27.0-cp312-cp312-manylinux_2_17_x86_64.manylinux2014_x86_64.whl", hash = "sha256:400bf470e4327e920883b51e255617dfe4496d4e80c3fea0b5a5d0bf2c404dd4", size = 2152867 },
    { url = "https://files.pythonhosted.org/packages/c7/90/1c588d4d93ce53e1f5ab0cea2d76151fcd36613446bf99b670d7da9ddf89/pydantic_core-2.27.0-cp312-cp312-manylinux_2_5_i686.manylinux1_i686.whl", hash = "sha256:951e71da6c89d354572098bada5ba5b5dc3a9390c933af8a614e37755d3d1840", size = 1986595 },
    { url = "https://files.pythonhosted.org/packages/a3/9c/27d06369f39375966836cde5c8aec0a66dc2f532c13d9aa1a6c370131fbd/pydantic_core-2.27.0-cp312-cp312-musllinux_1_1_aarch64.whl", hash = "sha256:2a51ce96224eadd1845150b204389623c8e129fde5a67a84b972bd83a85c6c40", size = 1995731 },
    { url = "https://files.pythonhosted.org/packages/26/4e/b039e52b7f4c51d9fae6715d5d2e47a57c369b8e0cb75838974a193aae40/pydantic_core-2.27.0-cp312-cp312-musllinux_1_1_armv7l.whl", hash = "sha256:483c2213a609e7db2c592bbc015da58b6c75af7360ca3c981f178110d9787bcf", size = 2085771 },
    { url = "https://files.pythonhosted.org/packages/01/93/2796bd116a93e7e4e10baca4c55266c4d214b3b4e5ee7f0e9add69c184af/pydantic_core-2.27.0-cp312-cp312-musllinux_1_1_x86_64.whl", hash = "sha256:359e7951f04ad35111b5ddce184db3391442345d0ab073aa63a95eb8af25a5ef", size = 2150452 },
    { url = "https://files.pythonhosted.org/packages/0f/93/e57562d6ea961557174c3afa481a73ce0e2d8b823e0eb2b320bfb00debbe/pydantic_core-2.27.0-cp312-none-win32.whl", hash = "sha256:ee7d9d5537daf6d5c74a83b38a638cc001b648096c1cae8ef695b0c919d9d379", size = 1830767 },
    { url = "https://files.pythonhosted.org/packages/44/00/4f121ca5dd06420813e7858395b5832603ed0074a5b74ef3104c8dbc2fd5/pydantic_core-2.27.0-cp312-none-win_amd64.whl", hash = "sha256:2be0ad541bb9f059954ccf8877a49ed73877f862529575ff3d54bf4223e4dd61", size = 1973909 },
    { url = "https://files.pythonhosted.org/packages/c3/c7/36f87c0dabbde9c0dd59b9024e4bf117a5122515c864ddbe685ed8301670/pydantic_core-2.27.0-cp312-none-win_arm64.whl", hash = "sha256:6e19401742ed7b69e51d8e4df3c03ad5ec65a83b36244479fd70edde2828a5d9", size = 1877037 },
    { url = "https://files.pythonhosted.org/packages/9d/b2/740159bdfe532d856e340510246aa1fd723b97cadf1a38153bdfb52efa28/pydantic_core-2.27.0-cp313-cp313-macosx_10_12_x86_64.whl", hash = "sha256:5f2b19b8d6fca432cb3acf48cf5243a7bf512988029b6e6fd27e9e8c0a204d85", size = 1886935 },
    { url = "https://files.pythonhosted.org/packages/ca/2a/2f435d9fd591c912ca227f29c652a93775d35d54677b57c3157bbad823b5/pydantic_core-2.27.0-cp313-cp313-macosx_11_0_arm64.whl", hash = "sha256:c86679f443e7085ea55a7376462553996c688395d18ef3f0d3dbad7838f857a2", size = 1805318 },
    { url = "https://files.pythonhosted.org/packages/ba/f2/755b628009530b19464bb95c60f829b47a6ef7930f8ca1d87dac90fd2848/pydantic_core-2.27.0-cp313-cp313-manylinux_2_17_aarch64.manylinux2014_aarch64.whl", hash = "sha256:510b11e9c3b1a852876d1ccd8d5903684336d635214148637ceb27366c75a467", size = 1822284 },
    { url = "https://files.pythonhosted.org/packages/3d/c2/a12744628b1b55c5384bd77657afa0780868484a92c37a189fb460d1cfe7/pydantic_core-2.27.0-cp313-cp313-manylinux_2_17_armv7l.manylinux2014_armv7l.whl", hash = "sha256:eb704155e73b833801c247f39d562229c0303f54770ca14fb1c053acb376cf10", size = 1848522 },
    { url = "https://files.pythonhosted.org/packages/60/1d/dfcb8ab94a4637d4cf682550a2bf94695863988e7bcbd6f4d83c04178e17/pydantic_core-2.27.0-cp313-cp313-manylinux_2_17_ppc64le.manylinux2014_ppc64le.whl", hash = "sha256:9ce048deb1e033e7a865ca384770bccc11d44179cf09e5193a535c4c2f497bdc", size = 2031678 },
    { url = "https://files.pythonhosted.org/packages/ee/c8/f9cbcab0275e031c4312223c75d999b61fba60995003cd89dc4866300059/pydantic_core-2.27.0-cp313-cp313-manylinux_2_17_s390x.manylinux2014_s390x.whl", hash = "sha256:58560828ee0951bb125c6f2862fbc37f039996d19ceb6d8ff1905abf7da0bf3d", size = 2672948 },
    { url = "https://files.pythonhosted.org/packages/41/f9/c613546237cf58ed7a7fa9158410c14d0e7e0cbbf95f83a905c9424bb074/pydantic_core-2.27.0-cp313-cp313-manylinux_2_17_x86_64.manylinux2014_x86_64.whl", hash = "sha256:abb4785894936d7682635726613c44578c420a096729f1978cd061a7e72d5275", size = 2152419 },
    { url = "https://files.pythonhosted.org/packages/49/71/b951b03a271678b1d1b79481dac38cf8bce8a4e178f36ada0e9aff65a679/pydantic_core-2.27.0-cp313-cp313-manylinux_2_5_i686.manylinux1_i686.whl", hash = "sha256:2883b260f7a93235488699d39cbbd94fa7b175d3a8063fbfddd3e81ad9988cb2", size = 1986408 },
    { url = "https://files.pythonhosted.org/packages/9a/2c/07b0d5b5e1cdaa07b7c23e758354377d294ff0395116d39c9fa734e5d89e/pydantic_core-2.27.0-cp313-cp313-musllinux_1_1_aarch64.whl", hash = "sha256:c6fcb3fa3855d583aa57b94cf146f7781d5d5bc06cb95cb3afece33d31aac39b", size = 1995895 },
    { url = "https://files.pythonhosted.org/packages/63/09/c21e0d7438c7e742209cc8603607c8d389df96018396c8a2577f6e24c5c5/pydantic_core-2.27.0-cp313-cp313-musllinux_1_1_armv7l.whl", hash = "sha256:e851a051f7260e6d688267eb039c81f05f23a19431bd7dfa4bf5e3cb34c108cd", size = 2085914 },
    { url = "https://files.pythonhosted.org/packages/68/e4/5ed8f09d92655dcd0a86ee547e509adb3e396cef0a48f5c31e3b060bb9d0/pydantic_core-2.27.0-cp313-cp313-musllinux_1_1_x86_64.whl", hash = "sha256:edb1bfd45227dec8d50bc7c7d86463cd8728bcc574f9b07de7369880de4626a3", size = 2150217 },
    { url = "https://files.pythonhosted.org/packages/cd/e6/a202f0e1b81c729130404e82d9de90dc4418ec01df35000d48d027c38501/pydantic_core-2.27.0-cp313-none-win32.whl", hash = "sha256:678f66462058dd978702db17eb6a3633d634f7aa0deaea61e0a674152766d3fc", size = 1830973 },
    { url = "https://files.pythonhosted.org/packages/06/3d/21ed0f308e6618ce6c5c6bfb9e71734a9a3256d5474a53c8e5aaaba498ca/pydantic_core-2.27.0-cp313-none-win_amd64.whl", hash = "sha256:d28ca7066d6cdd347a50d8b725dc10d9a1d6a1cce09836cf071ea6a2d4908be0", size = 1974853 },
    { url = "https://files.pythonhosted.org/packages/d7/18/e5744a132b81f98b9f92e15f33f03229a1d254ce7af942b1422ec2ac656f/pydantic_core-2.27.0-cp313-none-win_arm64.whl", hash = "sha256:6f4a53af9e81d757756508b57cae1cf28293f0f31b9fa2bfcb416cc7fb230f9d", size = 1877469 },
]

[[package]]
name = "pydantic-settings"
version = "2.6.1"
source = { registry = "https://pypi.org/simple" }
dependencies = [
    { name = "pydantic" },
    { name = "python-dotenv" },
]
sdist = { url = "https://files.pythonhosted.org/packages/b5/d4/9dfbe238f45ad8b168f5c96ee49a3df0598ce18a0795a983b419949ce65b/pydantic_settings-2.6.1.tar.gz", hash = "sha256:e0f92546d8a9923cb8941689abf85d6601a8c19a23e97a34b2964a2e3f813ca0", size = 75646 }
wheels = [
    { url = "https://files.pythonhosted.org/packages/5e/f9/ff95fd7d760af42f647ea87f9b8a383d891cdb5e5dbd4613edaeb094252a/pydantic_settings-2.6.1-py3-none-any.whl", hash = "sha256:7fb0637c786a558d3103436278a7c4f1cfd29ba8973238a50c5bb9a55387da87", size = 28595 },
]

[[package]]
name = "python-dotenv"
version = "1.0.1"
source = { registry = "https://pypi.org/simple" }
sdist = { url = "https://files.pythonhosted.org/packages/bc/57/e84d88dfe0aec03b7a2d4327012c1627ab5f03652216c63d49846d7a6c58/python-dotenv-1.0.1.tar.gz", hash = "sha256:e324ee90a023d808f1959c46bcbc04446a10ced277783dc6ee09987c37ec10ca", size = 39115 }
wheels = [
    { url = "https://files.pythonhosted.org/packages/6a/3e/b68c118422ec867fa7ab88444e1274aa40681c606d59ac27de5a5588f082/python_dotenv-1.0.1-py3-none-any.whl", hash = "sha256:f7b63ef50f1b690dddf550d03497b66d609393b40b564ed0d674909a68ebf16a", size = 19863 },
]

[[package]]
name = "python-multipart"
version = "0.0.17"
source = { registry = "https://pypi.org/simple" }
sdist = { url = "https://files.pythonhosted.org/packages/40/22/edea41c2d4a22e666c0c7db7acdcbf7bc8c1c1f7d3b3ca246ec982fec612/python_multipart-0.0.17.tar.gz", hash = "sha256:41330d831cae6e2f22902704ead2826ea038d0419530eadff3ea80175aec5538", size = 36452 }
wheels = [
    { url = "https://files.pythonhosted.org/packages/b4/fb/275137a799169392f1fa88fff2be92f16eee38e982720a8aaadefc4a36b2/python_multipart-0.0.17-py3-none-any.whl", hash = "sha256:15dc4f487e0a9476cc1201261188ee0940165cffc94429b6fc565c4d3045cb5d", size = 24453 },
]

[[package]]
name = "sniffio"
version = "1.3.1"
source = { registry = "https://pypi.org/simple" }
sdist = { url = "https://files.pythonhosted.org/packages/a2/87/a6771e1546d97e7e041b6ae58d80074f81b7d5121207425c964ddf5cfdbd/sniffio-1.3.1.tar.gz", hash = "sha256:f4324edc670a0f49750a81b895f35c3adb843cca46f0530f79fc1babb23789dc", size = 20372 }
wheels = [
    { url = "https://files.pythonhosted.org/packages/e9/44/75a9c9421471a6c4805dbf2356f7c181a29c1879239abab1ea2cc8f38b40/sniffio-1.3.1-py3-none-any.whl", hash = "sha256:2f6da418d1f1e0fddd844478f41680e794e6051915791a034ff65e5f100525a2", size = 10235 },
]

[[package]]
name = "starlette"
version = "0.41.3"
source = { registry = "https://pypi.org/simple" }
dependencies = [
    { name = "anyio" },
]
sdist = { url = "https://files.pythonhosted.org/packages/1a/4c/9b5764bd22eec91c4039ef4c55334e9187085da2d8a2df7bd570869aae18/starlette-0.41.3.tar.gz", hash = "sha256:0e4ab3d16522a255be6b28260b938eae2482f98ce5cc934cb08dce8dc3ba5835", size = 2574159 }
wheels = [
    { url = "https://files.pythonhosted.org/packages/96/00/2b325970b3060c7cecebab6d295afe763365822b1306a12eeab198f74323/starlette-0.41.3-py3-none-any.whl", hash = "sha256:44cedb2b7c77a9de33a8b74b2b90e9f50d11fcf25d8270ea525ad71a25374ff7", size = 73225 },
]

[[package]]
name = "typing-extensions"
version = "4.12.2"
source = { registry = "https://pypi.org/simple" }
sdist = { url = "https://files.pythonhosted.org/packages/df/db/f35a00659bc03fec321ba8bce9420de607a1d37f8342eee1863174c69557/typing_extensions-4.12.2.tar.gz", hash = "sha256:1a7ead55c7e559dd4dee8856e3a88b41225abfe1ce8df57b7c13915fe121ffb8", size = 85321 }
wheels = [
    { url = "https://files.pythonhosted.org/packages/26/9f/ad63fc0248c5379346306f8668cda6e2e2e9c95e01216d2b8ffd9ff037d0/typing_extensions-4.12.2-py3-none-any.whl", hash = "sha256:04e5ca0351e0f3f85c6853954072df659d0d13fac324d0072316b67d7794700d", size = 37438 },
]

[[package]]
name = "uvicorn"
version = "0.32.1"
source = { registry = "https://pypi.org/simple" }
dependencies = [
    { name = "click" },
    { name = "h11" },
]
sdist = { url = "https://files.pythonhosted.org/packages/6a/3c/21dba3e7d76138725ef307e3d7ddd29b763119b3aa459d02cc05fefcff75/uvicorn-0.32.1.tar.gz", hash = "sha256:ee9519c246a72b1c084cea8d3b44ed6026e78a4a309cbedae9c37e4cb9fbb175", size = 77630 }
wheels = [
    { url = "https://files.pythonhosted.org/packages/50/c1/2d27b0a15826c2b71dcf6e2f5402181ef85acf439617bb2f1453125ce1f3/uvicorn-0.32.1-py3-none-any.whl", hash = "sha256:82ad92fd58da0d12af7482ecdb5f2470a04c9c9a53ced65b9bbb4a205377602e", size = 63828 },
]
